
Microsoft Visual Studio Solution File, Format Version 12.00
# Visual Studio Version 17
VisualStudioVersion = 17.0.31919.166
MinimumVisualStudioVersion = 10.0.40219.1
Project("{9A19103F-16F7-4668-BE54-9A1E7A4F7556}") = "SkinsApiHealthChecks.Api", "src\SkinsHealthCheck.API\SkinsApiHealthChecks.Api.csproj", "{B6F76686-F089-465C-8BD7-B48B086DEBC8}"
EndProject
Global
	GlobalSection(SolutionConfigurationPlatforms) = preSolution
		Debug|Any CPU = Debug|Any CPU
		Release|Any CPU = Release|Any CPU
	EndGlobalSection
	GlobalSection(ProjectConfigurationPlatforms) = postSolution
		{B6F76686-F089-465C-8BD7-B48B086DEBC8}.Debug|Any CPU.ActiveCfg = Debug|Any CPU
		{B6F76686-F089-465C-8BD7-B48B086DEBC8}.Debug|Any CPU.Build.0 = Debug|Any CPU
		{B6F76686-F089-465C-8BD7-B48B086DEBC8}.Release|Any CPU.ActiveCfg = Release|Any CPU
		{B6F76686-F089-465C-8BD7-B48B086DEBC8}.Release|Any CPU.Build.0 = Release|Any CPU
	EndGlobalSection
	GlobalSection(SolutionProperties) = preSolution
		HideSolutionNode = FALSE
	EndGlobalSection
	GlobalSection(ExtensibilityGlobals) = postSolution
		SolutionGuid = {AB7062BB-420E-40E3-9638-06424AB0826A}
	EndGlobalSection
EndGlobal
